// !$*UTF8*$!
{
	archiveVersion = 1;
	classes = {
	};
	objectVersion = 56;
	objects = {

/* Begin PBXBuildFile section */
		CE58E3842C4170E900179554 /* WeekTableViewCell.swift in Sources */ = {isa = PBXBuildFile; fileRef = CE58E3832C4170E900179554 /* WeekTableViewCell.swift */; };
		CE58E3862C42B5ED00179554 /* APIKey.swift in Sources */ = {isa = PBXBuildFile; fileRef = CE58E3852C42B5ED00179554 /* APIKey.swift */; };
		CE58E3882C42B69B00179554 /* OpenWeatherAPI.swift in Sources */ = {isa = PBXBuildFile; fileRef = CE58E3872C42B69B00179554 /* OpenWeatherAPI.swift */; };
		CE58E38A2C42BC2300179554 /* OpenWeatherRequest.swift in Sources */ = {isa = PBXBuildFile; fileRef = CE58E3892C42BC2300179554 /* OpenWeatherRequest.swift */; };
		CE58E38C2C42E37C00179554 /* DateEnum.swift in Sources */ = {isa = PBXBuildFile; fileRef = CE58E38B2C42E37C00179554 /* DateEnum.swift */; };
		CE58E38E2C42F14700179554 /* .gitignore in Resources */ = {isa = PBXBuildFile; fileRef = CE58E38D2C42F14700179554 /* .gitignore */; };
		CE84716C2C3EBD22007012B8 /* AppDelegate.swift in Sources */ = {isa = PBXBuildFile; fileRef = CE84716B2C3EBD22007012B8 /* AppDelegate.swift */; };
		CE84716E2C3EBD22007012B8 /* SceneDelegate.swift in Sources */ = {isa = PBXBuildFile; fileRef = CE84716D2C3EBD22007012B8 /* SceneDelegate.swift */; };
		CE8471702C3EBD22007012B8 /* MainViewController.swift in Sources */ = {isa = PBXBuildFile; fileRef = CE84716F2C3EBD22007012B8 /* MainViewController.swift */; };
		CE8471732C3EBD22007012B8 /* Base in Resources */ = {isa = PBXBuildFile; fileRef = CE8471722C3EBD22007012B8 /* Base */; };
		CE8471752C3EBD24007012B8 /* Assets.xcassets in Resources */ = {isa = PBXBuildFile; fileRef = CE8471742C3EBD24007012B8 /* Assets.xcassets */; };
		CE8471782C3EBD24007012B8 /* Base in Resources */ = {isa = PBXBuildFile; fileRef = CE8471772C3EBD24007012B8 /* Base */; };
		CE8471812C3EBFBC007012B8 /* BaseViewController.swift in Sources */ = {isa = PBXBuildFile; fileRef = CE8471802C3EBFBB007012B8 /* BaseViewController.swift */; };
		CE8471842C3EC558007012B8 /* Alamofire in Frameworks */ = {isa = PBXBuildFile; productRef = CE8471832C3EC558007012B8 /* Alamofire */; };
		CE8471872C3EC566007012B8 /* SnapKit in Frameworks */ = {isa = PBXBuildFile; productRef = CE8471862C3EC566007012B8 /* SnapKit */; };
/* End PBXBuildFile section */

/* Begin PBXFileReference section */
		CE58E3832C4170E900179554 /* WeekTableViewCell.swift */ = {isa = PBXFileReference; lastKnownFileType = sourcecode.swift; path = WeekTableViewCell.swift; sourceTree = "<group>"; };
		CE58E3852C42B5ED00179554 /* APIKey.swift */ = {isa = PBXFileReference; lastKnownFileType = sourcecode.swift; path = APIKey.swift; sourceTree = "<group>"; };
		CE58E3872C42B69B00179554 /* OpenWeatherAPI.swift */ = {isa = PBXFileReference; lastKnownFileType = sourcecode.swift; path = OpenWeatherAPI.swift; sourceTree = "<group>"; };
		CE58E3892C42BC2300179554 /* OpenWeatherRequest.swift */ = {isa = PBXFileReference; lastKnownFileType = sourcecode.swift; path = OpenWeatherRequest.swift; sourceTree = "<group>"; };
		CE58E38B2C42E37C00179554 /* DateEnum.swift */ = {isa = PBXFileReference; lastKnownFileType = sourcecode.swift; path = DateEnum.swift; sourceTree = "<group>"; };
		CE58E38D2C42F14700179554 /* .gitignore */ = {isa = PBXFileReference; lastKnownFileType = text; path = .gitignore; sourceTree = "<group>"; };
		CE8471682C3EBD22007012B8 /* WeatherForecast.app */ = {isa = PBXFileReference; explicitFileType = wrapper.application; includeInIndex = 0; path = WeatherForecast.app; sourceTree = BUILT_PRODUCTS_DIR; };
		CE84716B2C3EBD22007012B8 /* AppDelegate.swift */ = {isa = PBXFileReference; lastKnownFileType = sourcecode.swift; path = AppDelegate.swift; sourceTree = "<group>"; };
		CE84716D2C3EBD22007012B8 /* SceneDelegate.swift */ = {isa = PBXFileReference; lastKnownFileType = sourcecode.swift; path = SceneDelegate.swift; sourceTree = "<group>"; };
		CE84716F2C3EBD22007012B8 /* MainViewController.swift */ = {isa = PBXFileReference; lastKnownFileType = sourcecode.swift; path = MainViewController.swift; sourceTree = "<group>"; };
		CE8471722C3EBD22007012B8 /* Base */ = {isa = PBXFileReference; lastKnownFileType = file.storyboard; name = Base; path = Base.lproj/Main.storyboard; sourceTree = "<group>"; };
		CE8471742C3EBD24007012B8 /* Assets.xcassets */ = {isa = PBXFileReference; lastKnownFileType = folder.assetcatalog; path = Assets.xcassets; sourceTree = "<group>"; };
		CE8471772C3EBD24007012B8 /* Base */ = {isa = PBXFileReference; lastKnownFileType = file.storyboard; name = Base; path = Base.lproj/LaunchScreen.storyboard; sourceTree = "<group>"; };
		CE8471792C3EBD24007012B8 /* Info.plist */ = {isa = PBXFileReference; lastKnownFileType = text.plist.xml; path = Info.plist; sourceTree = "<group>"; };
		CE8471802C3EBFBB007012B8 /* BaseViewController.swift */ = {isa = PBXFileReference; lastKnownFileType = sourcecode.swift; path = BaseViewController.swift; sourceTree = "<group>"; };
/* End PBXFileReference section */

/* Begin PBXFrameworksBuildPhase section */
		CE8471652C3EBD22007012B8 /* Frameworks */ = {
			isa = PBXFrameworksBuildPhase;
			buildActionMask = 2147483647;
			files = (
				CE8471842C3EC558007012B8 /* Alamofire in Frameworks */,
				CE8471872C3EC566007012B8 /* SnapKit in Frameworks */,
			);
			runOnlyForDeploymentPostprocessing = 0;
		};
/* End PBXFrameworksBuildPhase section */

/* Begin PBXGroup section */
		CE84715F2C3EBD22007012B8 = {
			isa = PBXGroup;
			children = (
				CE58E38D2C42F14700179554 /* .gitignore */,
				CE84716A2C3EBD22007012B8 /* WeatherForecast */,
				CE8471692C3EBD22007012B8 /* Products */,
			);
			sourceTree = "<group>";
		};
		CE8471692C3EBD22007012B8 /* Products */ = {
			isa = PBXGroup;
			children = (
				CE8471682C3EBD22007012B8 /* WeatherForecast.app */,
			);
			name = Products;
			sourceTree = "<group>";
		};
		CE84716A2C3EBD22007012B8 /* WeatherForecast */ = {
			isa = PBXGroup;
			children = (
				CE84717F2C3EBFA6007012B8 /* MainPage */,
				CE84716B2C3EBD22007012B8 /* AppDelegate.swift */,
				CE84716D2C3EBD22007012B8 /* SceneDelegate.swift */,
				CE8471712C3EBD22007012B8 /* Main.storyboard */,
				CE8471742C3EBD24007012B8 /* Assets.xcassets */,
				CE8471762C3EBD24007012B8 /* LaunchScreen.storyboard */,
				CE8471792C3EBD24007012B8 /* Info.plist */,
				CE8471802C3EBFBB007012B8 /* BaseViewController.swift */,
			);
			path = WeatherForecast;
			sourceTree = "<group>";
		};
		CE84717F2C3EBFA6007012B8 /* MainPage */ = {
			isa = PBXGroup;
			children = (
				CE58E3852C42B5ED00179554 /* APIKey.swift */,
				CE58E38B2C42E37C00179554 /* DateEnum.swift */,
				CE58E3892C42BC2300179554 /* OpenWeatherRequest.swift */,
				CE58E3872C42B69B00179554 /* OpenWeatherAPI.swift */,
				CE84716F2C3EBD22007012B8 /* MainViewController.swift */,
				CE58E3832C4170E900179554 /* WeekTableViewCell.swift */,
			);
			path = MainPage;
			sourceTree = "<group>";
		};
/* End PBXGroup section */

/* Begin PBXNativeTarget section */
		CE8471672C3EBD22007012B8 /* WeatherForecast */ = {
			isa = PBXNativeTarget;
			buildConfigurationList = CE84717C2C3EBD24007012B8 /* Build configuration list for PBXNativeTarget "WeatherForecast" */;
			buildPhases = (
				CE8471642C3EBD22007012B8 /* Sources */,
				CE8471652C3EBD22007012B8 /* Frameworks */,
				CE8471662C3EBD22007012B8 /* Resources */,
			);
			buildRules = (
			);
			dependencies = (
			);
			name = WeatherForecast;
			packageProductDependencies = (
				CE8471832C3EC558007012B8 /* Alamofire */,
				CE8471862C3EC566007012B8 /* SnapKit */,
			);
			productName = WeatherForecast;
			productReference = CE8471682C3EBD22007012B8 /* WeatherForecast.app */;
			productType = "com.apple.product-type.application";
		};
/* End PBXNativeTarget section */

/* Begin PBXProject section */
		CE8471602C3EBD22007012B8 /* Project object */ = {
			isa = PBXProject;
			attributes = {
				BuildIndependentTargetsInParallel = 1;
				LastSwiftUpdateCheck = 1540;
				LastUpgradeCheck = 1540;
				TargetAttributes = {
					CE8471672C3EBD22007012B8 = {
						CreatedOnToolsVersion = 15.4;
					};
				};
			};
			buildConfigurationList = CE8471632C3EBD22007012B8 /* Build configuration list for PBXProject "WeatherForecast" */;
			compatibilityVersion = "Xcode 14.0";
			developmentRegion = en;
			hasScannedForEncodings = 0;
			knownRegions = (
				en,
				Base,
			);
			mainGroup = CE84715F2C3EBD22007012B8;
			packageReferences = (
				CE8471822C3EC558007012B8 /* XCRemoteSwiftPackageReference "Alamofire" */,
				CE8471852C3EC566007012B8 /* XCRemoteSwiftPackageReference "SnapKit" */,
			);
			productRefGroup = CE8471692C3EBD22007012B8 /* Products */;
			projectDirPath = "";
			projectRoot = "";
			targets = (
				CE8471672C3EBD22007012B8 /* WeatherForecast */,
			);
		};
/* End PBXProject section */

/* Begin PBXResourcesBuildPhase section */
		CE8471662C3EBD22007012B8 /* Resources */ = {
			isa = PBXResourcesBuildPhase;
			buildActionMask = 2147483647;
			files = (
				CE58E38E2C42F14700179554 /* .gitignore in Resources */,
				CE8471752C3EBD24007012B8 /* Assets.xcassets in Resources */,
				CE8471782C3EBD24007012B8 /* Base in Resources */,
				CE8471732C3EBD22007012B8 /* Base in Resources */,
			);
			runOnlyForDeploymentPostprocessing = 0;
		};
/* End PBXResourcesBuildPhase section */

/* Begin PBXSourcesBuildPhase section */
		CE8471642C3EBD22007012B8 /* Sources */ = {
			isa = PBXSourcesBuildPhase;
			buildActionMask = 2147483647;
			files = (
				CE8471702C3EBD22007012B8 /* MainViewController.swift in Sources */,
				CE8471812C3EBFBC007012B8 /* BaseViewController.swift in Sources */,
				CE58E3882C42B69B00179554 /* OpenWeatherAPI.swift in Sources */,
				CE84716C2C3EBD22007012B8 /* AppDelegate.swift in Sources */,
				CE58E38C2C42E37C00179554 /* DateEnum.swift in Sources */,
				CE58E3842C4170E900179554 /* WeekTableViewCell.swift in Sources */,
				CE58E3862C42B5ED00179554 /* APIKey.swift in Sources */,
				CE58E38A2C42BC2300179554 /* OpenWeatherRequest.swift in Sources */,
				CE84716E2C3EBD22007012B8 /* SceneDelegate.swift in Sources */,
			);
			runOnlyForDeploymentPostprocessing = 0;
		};
/* End PBXSourcesBuildPhase section */

/* Begin PBXVariantGroup section */
		CE8471712C3EBD22007012B8 /* Main.storyboard */ = {
			isa = PBXVariantGroup;
			children = (
				CE8471722C3EBD22007012B8 /* Base */,
			);
			name = Main.storyboard;
			sourceTree = "<group>";
		};
		CE8471762C3EBD24007012B8 /* LaunchScreen.storyboard */ = {
			isa = PBXVariantGroup;
			children = (
				CE8471772C3EBD24007012B8 /* Base */,
			);
			name = LaunchScreen.storyboard;
			sourceTree = "<group>";
		};
/* End PBXVariantGroup section */

/* Begin XCBuildConfiguration section */
		CE84717A2C3EBD24007012B8 /* Debug */ = {
			isa = XCBuildConfiguration;
			buildSettings = {
				ALWAYS_SEARCH_USER_PATHS = NO;
				ASSETCATALOG_COMPILER_GENERATE_SWIFT_ASSET_SYMBOL_EXTENSIONS = YES;
				CLANG_ANALYZER_NONNULL = YES;
				CLANG_ANALYZER_NUMBER_OBJECT_CONVERSION = YES_AGGRESSIVE;
				CLANG_CXX_LANGUAGE_STANDARD = "gnu++20";
				CLANG_ENABLE_MODULES = YES;
				CLANG_ENABLE_OBJC_ARC = YES;
				CLANG_ENABLE_OBJC_WEAK = YES;
				CLANG_WARN_BLOCK_CAPTURE_AUTORELEASING = YES;
				CLANG_WARN_BOOL_CONVERSION = YES;
				CLANG_WARN_COMMA = YES;
				CLANG_WARN_CONSTANT_CONVERSION = YES;
				CLANG_WARN_DEPRECATED_OBJC_IMPLEMENTATIONS = YES;
				CLANG_WARN_DIRECT_OBJC_ISA_USAGE = YES_ERROR;
				CLANG_WARN_DOCUMENTATION_COMMENTS = YES;
				CLANG_WARN_EMPTY_BODY = YES;
				CLANG_WARN_ENUM_CONVERSION = YES;
				CLANG_WARN_INFINITE_RECURSION = YES;
				CLANG_WARN_INT_CONVERSION = YES;
				CLANG_WARN_NON_LITERAL_NULL_CONVERSION = YES;
				CLANG_WARN_OBJC_IMPLICIT_RETAIN_SELF = YES;
				CLANG_WARN_OBJC_LITERAL_CONVERSION = YES;
				CLANG_WARN_OBJC_ROOT_CLASS = YES_ERROR;
				CLANG_WARN_QUOTED_INCLUDE_IN_FRAMEWORK_HEADER = YES;
				CLANG_WARN_RANGE_LOOP_ANALYSIS = YES;
				CLANG_WARN_STRICT_PROTOTYPES = YES;
				CLANG_WARN_SUSPICIOUS_MOVE = YES;
				CLANG_WARN_UNGUARDED_AVAILABILITY = YES_AGGRESSIVE;
				CLANG_WARN_UNREACHABLE_CODE = YES;
				CLANG_WARN__DUPLICATE_METHOD_MATCH = YES;
				COPY_PHASE_STRIP = NO;
				DEBUG_INFORMATION_FORMAT = dwarf;
				ENABLE_STRICT_OBJC_MSGSEND = YES;
				ENABLE_TESTABILITY = YES;
				ENABLE_USER_SCRIPT_SANDBOXING = YES;
				GCC_C_LANGUAGE_STANDARD = gnu17;
				GCC_DYNAMIC_NO_PIC = NO;
				GCC_NO_COMMON_BLOCKS = YES;
				GCC_OPTIMIZATION_LEVEL = 0;
				GCC_PREPROCESSOR_DEFINITIONS = (
					"DEBUG=1",
					"$(inherited)",
				);
				GCC_WARN_64_TO_32_BIT_CONVERSION = YES;
				GCC_WARN_ABOUT_RETURN_TYPE = YES_ERROR;
				GCC_WARN_UNDECLARED_SELECTOR = YES;
				GCC_WARN_UNINITIALIZED_AUTOS = YES_AGGRESSIVE;
				GCC_WARN_UNUSED_FUNCTION = YES;
				GCC_WARN_UNUSED_VARIABLE = YES;
				IPHONEOS_DEPLOYMENT_TARGET = 17.5;
				LOCALIZATION_PREFERS_STRING_CATALOGS = YES;
				MTL_ENABLE_DEBUG_INFO = INCLUDE_SOURCE;
				MTL_FAST_MATH = YES;
				ONLY_ACTIVE_ARCH = YES;
				SDKROOT = iphoneos;
				SWIFT_ACTIVE_COMPILATION_CONDITIONS = "DEBUG $(inherited)";
				SWIFT_OPTIMIZATION_LEVEL = "-Onone";
			};
			name = Debug;
		};
		CE84717B2C3EBD24007012B8 /* Release */ = {
			isa = XCBuildConfiguration;
			buildSettings = {
				ALWAYS_SEARCH_USER_PATHS = NO;
				ASSETCATALOG_COMPILER_GENERATE_SWIFT_ASSET_SYMBOL_EXTENSIONS = YES;
				CLANG_ANALYZER_NONNULL = YES;
				CLANG_ANALYZER_NUMBER_OBJECT_CONVERSION = YES_AGGRESSIVE;
				CLANG_CXX_LANGUAGE_STANDARD = "gnu++20";
				CLANG_ENABLE_MODULES = YES;
				CLANG_ENABLE_OBJC_ARC = YES;
				CLANG_ENABLE_OBJC_WEAK = YES;
				CLANG_WARN_BLOCK_CAPTURE_AUTORELEASING = YES;
				CLANG_WARN_BOOL_CONVERSION = YES;
				CLANG_WARN_COMMA = YES;
				CLANG_WARN_CONSTANT_CONVERSION = YES;
				CLANG_WARN_DEPRECATED_OBJC_IMPLEMENTATIONS = YES;
				CLANG_WARN_DIRECT_OBJC_ISA_USAGE = YES_ERROR;
				CLANG_WARN_DOCUMENTATION_COMMENTS = YES;
				CLANG_WARN_EMPTY_BODY = YES;
				CLANG_WARN_ENUM_CONVERSION = YES;
				CLANG_WARN_INFINITE_RECURSION = YES;
				CLANG_WARN_INT_CONVERSION = YES;
				CLANG_WARN_NON_LITERAL_NULL_CONVERSION = YES;
				CLANG_WARN_OBJC_IMPLICIT_RETAIN_SELF = YES;
				CLANG_WARN_OBJC_LITERAL_CONVERSION = YES;
				CLANG_WARN_OBJC_ROOT_CLASS = YES_ERROR;
				CLANG_WARN_QUOTED_INCLUDE_IN_FRAMEWORK_HEADER = YES;
				CLANG_WARN_RANGE_LOOP_ANALYSIS = YES;
				CLANG_WARN_STRICT_PROTOTYPES = YES;
				CLANG_WARN_SUSPICIOUS_MOVE = YES;
				CLANG_WARN_UNGUARDED_AVAILABILITY = YES_AGGRESSIVE;
				CLANG_WARN_UNREACHABLE_CODE = YES;
				CLANG_WARN__DUPLICATE_METHOD_MATCH = YES;
				COPY_PHASE_STRIP = NO;
				DEBUG_INFORMATION_FORMAT = "dwarf-with-dsym";
				ENABLE_NS_ASSERTIONS = NO;
				ENABLE_STRICT_OBJC_MSGSEND = YES;
				ENABLE_USER_SCRIPT_SANDBOXING = YES;
				GCC_C_LANGUAGE_STANDARD = gnu17;
				GCC_NO_COMMON_BLOCKS = YES;
				GCC_WARN_64_TO_32_BIT_CONVERSION = YES;
				GCC_WARN_ABOUT_RETURN_TYPE = YES_ERROR;
				GCC_WARN_UNDECLARED_SELECTOR = YES;
				GCC_WARN_UNINITIALIZED_AUTOS = YES_AGGRESSIVE;
				GCC_WARN_UNUSED_FUNCTION = YES;
				GCC_WARN_UNUSED_VARIABLE = YES;
				IPHONEOS_DEPLOYMENT_TARGET = 17.5;
				LOCALIZATION_PREFERS_STRING_CATALOGS = YES;
				MTL_ENABLE_DEBUG_INFO = NO;
				MTL_FAST_MATH = YES;
				SDKROOT = iphoneos;
				SWIFT_COMPILATION_MODE = wholemodule;
				VALIDATE_PRODUCT = YES;
			};
			name = Release;
		};
		CE84717D2C3EBD24007012B8 /* Debug */ = {
			isa = XCBuildConfiguration;
			buildSettings = {
				ASSETCATALOG_COMPILER_APPICON_NAME = AppIcon;
				ASSETCATALOG_COMPILER_GLOBAL_ACCENT_COLOR_NAME = AccentColor;
				CODE_SIGN_STYLE = Automatic;
				CURRENT_PROJECT_VERSION = 1;
				DEVELOPMENT_TEAM = 9RL93J625H;
				GENERATE_INFOPLIST_FILE = YES;
				INFOPLIST_FILE = WeatherForecast/Info.plist;
				INFOPLIST_KEY_CFBundleDisplayName = WeatherApp;
				INFOPLIST_KEY_LSApplicationCategoryType = "public.app-category.weather";
				INFOPLIST_KEY_UIApplicationSupportsIndirectInputEvents = YES;
				INFOPLIST_KEY_UILaunchStoryboardName = LaunchScreen;
				INFOPLIST_KEY_UIMainStoryboardFile = Main;
				INFOPLIST_KEY_UIStatusBarHidden = NO;
				INFOPLIST_KEY_UISupportedInterfaceOrientations = UIInterfaceOrientationPortrait;
				INFOPLIST_KEY_UISupportedInterfaceOrientations_iPad = "UIInterfaceOrientationLandscapeLeft UIInterfaceOrientationLandscapeRight UIInterfaceOrientationPortrait UIInterfaceOrientationPortraitUpsideDown";
				IPHONEOS_DEPLOYMENT_TARGET = 17.0;
				LD_RUNPATH_SEARCH_PATHS = (
					"$(inherited)",
					"@executable_path/Frameworks",
				);
				MARKETING_VERSION = 1.0;
				PRODUCT_BUNDLE_IDENTIFIER = com.sesac.WeatherForecast;
				PRODUCT_NAME = "$(TARGET_NAME)";
				SUPPORTED_PLATFORMS = "iphoneos iphonesimulator";
				SUPPORTS_MACCATALYST = NO;
				SUPPORTS_MAC_DESIGNED_FOR_IPHONE_IPAD = NO;
				SUPPORTS_XR_DESIGNED_FOR_IPHONE_IPAD = NO;
				SWIFT_EMIT_LOC_STRINGS = YES;
				SWIFT_VERSION = 5.0;
				TARGETED_DEVICE_FAMILY = 1;
			};
			name = Debug;
		};
		CE84717E2C3EBD24007012B8 /* Release */ = {
			isa = XCBuildConfiguration;
			buildSettings = {
				ASSETCATALOG_COMPILER_APPICON_NAME = AppIcon;
				ASSETCATALOG_COMPILER_GLOBAL_ACCENT_COLOR_NAME = AccentColor;
				CODE_SIGN_STYLE = Automatic;
				CURRENT_PROJECT_VERSION = 1;
				DEVELOPMENT_TEAM = 9RL93J625H;
				GENERATE_INFOPLIST_FILE = YES;
				INFOPLIST_FILE = WeatherForecast/Info.plist;
				INFOPLIST_KEY_CFBundleDisplayName = WeatherApp;
				INFOPLIST_KEY_LSApplicationCategoryType = "public.app-category.weather";
				INFOPLIST_KEY_UIApplicationSupportsIndirectInputEvents = YES;
				INFOPLIST_KEY_UILaunchStoryboardName = LaunchScreen;
				INFOPLIST_KEY_UIMainStoryboardFile = Main;
				INFOPLIST_KEY_UIStatusBarHidden = NO;
				INFOPLIST_KEY_UISupportedInterfaceOrientations = UIInterfaceOrientationPortrait;
				INFOPLIST_KEY_UISupportedInterfaceOrientations_iPad = "UIInterfaceOrientationLandscapeLeft UIInterfaceOrientationLandscapeRight UIInterfaceOrientationPortrait UIInterfaceOrientationPortraitUpsideDown";
				IPHONEOS_DEPLOYMENT_TARGET = 17.0;
				LD_RUNPATH_SEARCH_PATHS = (
					"$(inherited)",
					"@executable_path/Frameworks",
				);
				MARKETING_VERSION = 1.0;
				PRODUCT_BUNDLE_IDENTIFIER = com.sesac.WeatherForecast;
				PRODUCT_NAME = "$(TARGET_NAME)";
				SUPPORTED_PLATFORMS = "iphoneos iphonesimulator";
				SUPPORTS_MACCATALYST = NO;
				SUPPORTS_MAC_DESIGNED_FOR_IPHONE_IPAD = NO;
				SUPPORTS_XR_DESIGNED_FOR_IPHONE_IPAD = NO;
				SWIFT_EMIT_LOC_STRINGS = YES;
				SWIFT_VERSION = 5.0;
				TARGETED_DEVICE_FAMILY = 1;
			};
			name = Release;
		};
/* End XCBuildConfiguration section */

/* Begin XCConfigurationList section */
		CE8471632C3EBD22007012B8 /* Build configuration list for PBXProject "WeatherForecast" */ = {
			isa = XCConfigurationList;
			buildConfigurations = (
				CE84717A2C3EBD24007012B8 /* Debug */,
				CE84717B2C3EBD24007012B8 /* Release */,
			);
			defaultConfigurationIsVisible = 0;
			defaultConfigurationName = Release;
		};
		CE84717C2C3EBD24007012B8 /* Build configuration list for PBXNativeTarget "WeatherForecast" */ = {
			isa = XCConfigurationList;
			buildConfigurations = (
				CE84717D2C3EBD24007012B8 /* Debug */,
				CE84717E2C3EBD24007012B8 /* Release */,
			);
			defaultConfigurationIsVisible = 0;
			defaultConfigurationName = Release;
		};
/* End XCConfigurationList section */

/* Begin XCRemoteSwiftPackageReference section */
		CE8471822C3EC558007012B8 /* XCRemoteSwiftPackageReference "Alamofire" */ = {
			isa = XCRemoteSwiftPackageReference;
			repositoryURL = "https://github.com/Alamofire/Alamofire.git";
			requirement = {
				kind = upToNextMajorVersion;
				minimumVersion = 5.9.1;
			};
		};
		CE8471852C3EC566007012B8 /* XCRemoteSwiftPackageReference "SnapKit" */ = {
			isa = XCRemoteSwiftPackageReference;
			repositoryURL = "https://github.com/SnapKit/SnapKit.git";
			requirement = {
				kind = upToNextMajorVersion;
				minimumVersion = 5.7.1;
			};
		};
/* End XCRemoteSwiftPackageReference section */

/* Begin XCSwiftPackageProductDependency section */
		CE8471832C3EC558007012B8 /* Alamofire */ = {
			isa = XCSwiftPackageProductDependency;
			package = CE8471822C3EC558007012B8 /* XCRemoteSwiftPackageReference "Alamofire" */;
			productName = Alamofire;
		};
		CE8471862C3EC566007012B8 /* SnapKit */ = {
			isa = XCSwiftPackageProductDependency;
			package = CE8471852C3EC566007012B8 /* XCRemoteSwiftPackageReference "SnapKit" */;
			productName = SnapKit;
		};
/* End XCSwiftPackageProductDependency section */
	};
	rootObject = CE8471602C3EBD22007012B8 /* Project object */;
}
